// !$*UTF8*$!
{
	archiveVersion = 1;
	classes = {
	};
	objectVersion = 48;
	objects = {

/* Begin PBXBuildFile section */
		29642316E939EFEC965A435F /* Pods_CareemMovies.framework in Frameworks */ = {isa = PBXBuildFile; fileRef = 6A0B16C1DD1A4F3C83E175A1 /* Pods_CareemMovies.framework */; };
		48B1C9582036C4B800FC0D25 /* AppDelegate.swift in Sources */ = {isa = PBXBuildFile; fileRef = 48B1C9572036C4B800FC0D25 /* AppDelegate.swift */; };
		48B1C95A2036C4B800FC0D25 /* ViewController.swift in Sources */ = {isa = PBXBuildFile; fileRef = 48B1C9592036C4B800FC0D25 /* ViewController.swift */; };
		48B1C95D2036C4B800FC0D25 /* Main.storyboard in Resources */ = {isa = PBXBuildFile; fileRef = 48B1C95B2036C4B800FC0D25 /* Main.storyboard */; };
		48B1C95F2036C4B800FC0D25 /* Assets.xcassets in Resources */ = {isa = PBXBuildFile; fileRef = 48B1C95E2036C4B800FC0D25 /* Assets.xcassets */; };
		48B1C9622036C4B800FC0D25 /* LaunchScreen.storyboard in Resources */ = {isa = PBXBuildFile; fileRef = 48B1C9602036C4B800FC0D25 /* LaunchScreen.storyboard */; };
		48B1C96D2036C4B800FC0D25 /* CareemMoviesTests.swift in Sources */ = {isa = PBXBuildFile; fileRef = 48B1C96C2036C4B800FC0D25 /* CareemMoviesTests.swift */; };
		A3A631F2E114EA527E7C2CFF /* Pods_CareemMoviesTests.framework in Frameworks */ = {isa = PBXBuildFile; fileRef = 7E2332410698801B68AC957A /* Pods_CareemMoviesTests.framework */; };
/* End PBXBuildFile section */

/* Begin PBXContainerItemProxy section */
		48B1C9692036C4B800FC0D25 /* PBXContainerItemProxy */ = {
			isa = PBXContainerItemProxy;
			containerPortal = 48B1C94C2036C4B800FC0D25 /* Project object */;
			proxyType = 1;
			remoteGlobalIDString = 48B1C9532036C4B800FC0D25;
			remoteInfo = CareemMovies;
		};
/* End PBXContainerItemProxy section */

/* Begin PBXFileReference section */
		43EC31722A56AE5B4455065E /* Pods-CareemMovies.debug.xcconfig */ = {isa = PBXFileReference; includeInIndex = 1; lastKnownFileType = text.xcconfig; name = "Pods-CareemMovies.debug.xcconfig"; path = "Pods/Target Support Files/Pods-CareemMovies/Pods-CareemMovies.debug.xcconfig"; sourceTree = "<group>"; };
		48B1C9542036C4B800FC0D25 /* CareemMovies.app */ = {isa = PBXFileReference; explicitFileType = wrapper.application; includeInIndex = 0; path = CareemMovies.app; sourceTree = BUILT_PRODUCTS_DIR; };
		48B1C9572036C4B800FC0D25 /* AppDelegate.swift */ = {isa = PBXFileReference; lastKnownFileType = sourcecode.swift; path = AppDelegate.swift; sourceTree = "<group>"; };
		48B1C9592036C4B800FC0D25 /* ViewController.swift */ = {isa = PBXFileReference; lastKnownFileType = sourcecode.swift; path = ViewController.swift; sourceTree = "<group>"; };
		48B1C95C2036C4B800FC0D25 /* Base */ = {isa = PBXFileReference; lastKnownFileType = file.storyboard; name = Base; path = Base.lproj/Main.storyboard; sourceTree = "<group>"; };
		48B1C95E2036C4B800FC0D25 /* Assets.xcassets */ = {isa = PBXFileReference; lastKnownFileType = folder.assetcatalog; path = Assets.xcassets; sourceTree = "<group>"; };
		48B1C9612036C4B800FC0D25 /* Base */ = {isa = PBXFileReference; lastKnownFileType = file.storyboard; name = Base; path = Base.lproj/LaunchScreen.storyboard; sourceTree = "<group>"; };
		48B1C9632036C4B800FC0D25 /* Info.plist */ = {isa = PBXFileReference; lastKnownFileType = text.plist.xml; path = Info.plist; sourceTree = "<group>"; };
		48B1C9682036C4B800FC0D25 /* CareemMoviesTests.xctest */ = {isa = PBXFileReference; explicitFileType = wrapper.cfbundle; includeInIndex = 0; path = CareemMoviesTests.xctest; sourceTree = BUILT_PRODUCTS_DIR; };
		48B1C96C2036C4B800FC0D25 /* CareemMoviesTests.swift */ = {isa = PBXFileReference; lastKnownFileType = sourcecode.swift; path = CareemMoviesTests.swift; sourceTree = "<group>"; };
		48B1C96E2036C4B800FC0D25 /* Info.plist */ = {isa = PBXFileReference; lastKnownFileType = text.plist.xml; path = Info.plist; sourceTree = "<group>"; };
		54B2758E8DCD690F2FDC0173 /* Pods-CareemMovies.release.xcconfig */ = {isa = PBXFileReference; includeInIndex = 1; lastKnownFileType = text.xcconfig; name = "Pods-CareemMovies.release.xcconfig"; path = "Pods/Target Support Files/Pods-CareemMovies/Pods-CareemMovies.release.xcconfig"; sourceTree = "<group>"; };
		6A0B16C1DD1A4F3C83E175A1 /* Pods_CareemMovies.framework */ = {isa = PBXFileReference; explicitFileType = wrapper.framework; includeInIndex = 0; path = Pods_CareemMovies.framework; sourceTree = BUILT_PRODUCTS_DIR; };
		7E2332410698801B68AC957A /* Pods_CareemMoviesTests.framework */ = {isa = PBXFileReference; explicitFileType = wrapper.framework; includeInIndex = 0; path = Pods_CareemMoviesTests.framework; sourceTree = BUILT_PRODUCTS_DIR; };
		8E6A66BEB1EDBD2C6BAAABCA /* Pods-CareemMoviesTests.debug.xcconfig */ = {isa = PBXFileReference; includeInIndex = 1; lastKnownFileType = text.xcconfig; name = "Pods-CareemMoviesTests.debug.xcconfig"; path = "Pods/Target Support Files/Pods-CareemMoviesTests/Pods-CareemMoviesTests.debug.xcconfig"; sourceTree = "<group>"; };
		D72EC16D98ACBBF3B2BD3DBC /* Pods-CareemMoviesTests.release.xcconfig */ = {isa = PBXFileReference; includeInIndex = 1; lastKnownFileType = text.xcconfig; name = "Pods-CareemMoviesTests.release.xcconfig"; path = "Pods/Target Support Files/Pods-CareemMoviesTests/Pods-CareemMoviesTests.release.xcconfig"; sourceTree = "<group>"; };
/* End PBXFileReference section */

/* Begin PBXFrameworksBuildPhase section */
		48B1C9512036C4B800FC0D25 /* Frameworks */ = {
			isa = PBXFrameworksBuildPhase;
			buildActionMask = 2147483647;
			files = (
				29642316E939EFEC965A435F /* Pods_CareemMovies.framework in Frameworks */,
			);
			runOnlyForDeploymentPostprocessing = 0;
		};
		48B1C9652036C4B800FC0D25 /* Frameworks */ = {
			isa = PBXFrameworksBuildPhase;
			buildActionMask = 2147483647;
			files = (
				A3A631F2E114EA527E7C2CFF /* Pods_CareemMoviesTests.framework in Frameworks */,
			);
			runOnlyForDeploymentPostprocessing = 0;
		};
/* End PBXFrameworksBuildPhase section */

/* Begin PBXGroup section */
		1A4CFC3F956600391DF55592 /* Pods */ = {
			isa = PBXGroup;
			children = (
				43EC31722A56AE5B4455065E /* Pods-CareemMovies.debug.xcconfig */,
				54B2758E8DCD690F2FDC0173 /* Pods-CareemMovies.release.xcconfig */,
				8E6A66BEB1EDBD2C6BAAABCA /* Pods-CareemMoviesTests.debug.xcconfig */,
				D72EC16D98ACBBF3B2BD3DBC /* Pods-CareemMoviesTests.release.xcconfig */,
			);
			name = Pods;
			sourceTree = "<group>";
		};
		48B1C94B2036C4B800FC0D25 = {
			isa = PBXGroup;
			children = (
				48B1C9562036C4B800FC0D25 /* CareemMovies */,
				48B1C96B2036C4B800FC0D25 /* CareemMoviesTests */,
				48B1C9552036C4B800FC0D25 /* Products */,
				1A4CFC3F956600391DF55592 /* Pods */,
				81DC3F0EB72CF8F60EC47950 /* Frameworks */,
			);
			sourceTree = "<group>";
		};
		48B1C9552036C4B800FC0D25 /* Products */ = {
			isa = PBXGroup;
			children = (
				48B1C9542036C4B800FC0D25 /* CareemMovies.app */,
				48B1C9682036C4B800FC0D25 /* CareemMoviesTests.xctest */,
			);
			name = Products;
			sourceTree = "<group>";
		};
		48B1C9562036C4B800FC0D25 /* CareemMovies */ = {
			isa = PBXGroup;
			children = (
				48B1C9572036C4B800FC0D25 /* AppDelegate.swift */,
				48B1C9592036C4B800FC0D25 /* ViewController.swift */,
				48B1C95B2036C4B800FC0D25 /* Main.storyboard */,
				48B1C95E2036C4B800FC0D25 /* Assets.xcassets */,
				48B1C9602036C4B800FC0D25 /* LaunchScreen.storyboard */,
				48B1C9632036C4B800FC0D25 /* Info.plist */,
			);
			path = CareemMovies;
			sourceTree = "<group>";
		};
		48B1C96B2036C4B800FC0D25 /* CareemMoviesTests */ = {
			isa = PBXGroup;
			children = (
				48B1C96C2036C4B800FC0D25 /* CareemMoviesTests.swift */,
				48B1C96E2036C4B800FC0D25 /* Info.plist */,
			);
			path = CareemMoviesTests;
			sourceTree = "<group>";
		};
		81DC3F0EB72CF8F60EC47950 /* Frameworks */ = {
			isa = PBXGroup;
			children = (
				6A0B16C1DD1A4F3C83E175A1 /* Pods_CareemMovies.framework */,
				7E2332410698801B68AC957A /* Pods_CareemMoviesTests.framework */,
			);
			name = Frameworks;
			sourceTree = "<group>";
		};
/* End PBXGroup section */

/* Begin PBXNativeTarget section */
		48B1C9532036C4B800FC0D25 /* CareemMovies */ = {
			isa = PBXNativeTarget;
			buildConfigurationList = 48B1C9712036C4B800FC0D25 /* Build configuration list for PBXNativeTarget "CareemMovies" */;
			buildPhases = (
				359F10120F01797BB9DBFB64 /* [CP] Check Pods Manifest.lock */,
				48B1C9502036C4B800FC0D25 /* Sources */,
				48B1C9512036C4B800FC0D25 /* Frameworks */,
				48B1C9522036C4B800FC0D25 /* Resources */,
				DF093567872EFC88CAB030A5 /* [CP] Embed Pods Frameworks */,
				1C53E084EE2601869A2F9AF9 /* [CP] Copy Pods Resources */,
			);
			buildRules = (
			);
			dependencies = (
			);
			name = CareemMovies;
			productName = CareemMovies;
			productReference = 48B1C9542036C4B800FC0D25 /* CareemMovies.app */;
			productType = "com.apple.product-type.application";
		};
		48B1C9672036C4B800FC0D25 /* CareemMoviesTests */ = {
			isa = PBXNativeTarget;
			buildConfigurationList = 48B1C9742036C4B800FC0D25 /* Build configuration list for PBXNativeTarget "CareemMoviesTests" */;
			buildPhases = (
				504508997710F3B8A139D491 /* [CP] Check Pods Manifest.lock */,
				48B1C9642036C4B800FC0D25 /* Sources */,
				48B1C9652036C4B800FC0D25 /* Frameworks */,
				48B1C9662036C4B800FC0D25 /* Resources */,
				1916E08B8C98E34FBD0674E7 /* [CP] Embed Pods Frameworks */,
				B5A80AC4980E2CFE9DF7CF93 /* [CP] Copy Pods Resources */,
			);
			buildRules = (
			);
			dependencies = (
				48B1C96A2036C4B800FC0D25 /* PBXTargetDependency */,
			);
			name = CareemMoviesTests;
			productName = CareemMoviesTests;
			productReference = 48B1C9682036C4B800FC0D25 /* CareemMoviesTests.xctest */;
			productType = "com.apple.product-type.bundle.unit-test";
		};
/* End PBXNativeTarget section */

/* Begin PBXProject section */
		48B1C94C2036C4B800FC0D25 /* Project object */ = {
			isa = PBXProject;
			attributes = {
				LastSwiftUpdateCheck = 0910;
				LastUpgradeCheck = 0910;
				ORGANIZATIONNAME = "Siarhei Barmotska";
				TargetAttributes = {
					48B1C9532036C4B800FC0D25 = {
						CreatedOnToolsVersion = 9.1;
						ProvisioningStyle = Automatic;
					};
					48B1C9672036C4B800FC0D25 = {
						CreatedOnToolsVersion = 9.1;
						ProvisioningStyle = Automatic;
						TestTargetID = 48B1C9532036C4B800FC0D25;
					};
				};
			};
			buildConfigurationList = 48B1C94F2036C4B800FC0D25 /* Build configuration list for PBXProject "CareemMovies" */;
			compatibilityVersion = "Xcode 8.0";
			developmentRegion = en;
			hasScannedForEncodings = 0;
			knownRegions = (
				en,
				Base,
			);
			mainGroup = 48B1C94B2036C4B800FC0D25;
			productRefGroup = 48B1C9552036C4B800FC0D25 /* Products */;
			projectDirPath = "";
			projectRoot = "";
			targets = (
				48B1C9532036C4B800FC0D25 /* CareemMovies */,
				48B1C9672036C4B800FC0D25 /* CareemMoviesTests */,
			);
		};
/* End PBXProject section */

/* Begin PBXResourcesBuildPhase section */
		48B1C9522036C4B800FC0D25 /* Resources */ = {
			isa = PBXResourcesBuildPhase;
			buildActionMask = 2147483647;
			files = (
				48B1C9622036C4B800FC0D25 /* LaunchScreen.storyboard in Resources */,
				48B1C95F2036C4B800FC0D25 /* Assets.xcassets in Resources */,
				48B1C95D2036C4B800FC0D25 /* Main.storyboard in Resources */,
			);
			runOnlyForDeploymentPostprocessing = 0;
		};
		48B1C9662036C4B800FC0D25 /* Resources */ = {
			isa = PBXResourcesBuildPhase;
			buildActionMask = 2147483647;
			files = (
			);
			runOnlyForDeploymentPostprocessing = 0;
		};
/* End PBXResourcesBuildPhase section */

/* Begin PBXShellScriptBuildPhase section */
		1916E08B8C98E34FBD0674E7 /* [CP] Embed Pods Frameworks */ = {
			isa = PBXShellScriptBuildPhase;
			buildActionMask = 2147483647;
			files = (
			);
			inputPaths = (
			);
			name = "[CP] Embed Pods Frameworks";
			outputPaths = (
			);
			runOnlyForDeploymentPostprocessing = 0;
			shellPath = /bin/sh;
			shellScript = "\"${SRCROOT}/Pods/Target Support Files/Pods-CareemMoviesTests/Pods-CareemMoviesTests-frameworks.sh\"\n";
			showEnvVarsInLog = 0;
		};
		1C53E084EE2601869A2F9AF9 /* [CP] Copy Pods Resources */ = {
			isa = PBXShellScriptBuildPhase;
			buildActionMask = 2147483647;
			files = (
			);
			inputPaths = (
			);
			name = "[CP] Copy Pods Resources";
			outputPaths = (
			);
			runOnlyForDeploymentPostprocessing = 0;
			shellPath = /bin/sh;
			shellScript = "\"${SRCROOT}/Pods/Target Support Files/Pods-CareemMovies/Pods-CareemMovies-resources.sh\"\n";
			showEnvVarsInLog = 0;
		};
		359F10120F01797BB9DBFB64 /* [CP] Check Pods Manifest.lock */ = {
			isa = PBXShellScriptBuildPhase;
			buildActionMask = 2147483647;
			files = (
			);
			inputPaths = (
			);
			name = "[CP] Check Pods Manifest.lock";
			outputPaths = (
			);
			runOnlyForDeploymentPostprocessing = 0;
			shellPath = /bin/sh;
			shellScript = "diff \"${PODS_PODFILE_DIR_PATH}/Podfile.lock\" \"${PODS_ROOT}/Manifest.lock\" > /dev/null\nif [ $? != 0 ] ; then\n    # print error to STDERR\n    echo \"error: The sandbox is not in sync with the Podfile.lock. Run 'pod install' or update your CocoaPods installation.\" >&2\n    exit 1\nfi\n";
			showEnvVarsInLog = 0;
		};
		504508997710F3B8A139D491 /* [CP] Check Pods Manifest.lock */ = {
			isa = PBXShellScriptBuildPhase;
			buildActionMask = 2147483647;
			files = (
			);
			inputPaths = (
			);
			name = "[CP] Check Pods Manifest.lock";
			outputPaths = (
			);
			runOnlyForDeploymentPostprocessing = 0;
			shellPath = /bin/sh;
			shellScript = "diff \"${PODS_PODFILE_DIR_PATH}/Podfile.lock\" \"${PODS_ROOT}/Manifest.lock\" > /dev/null\nif [ $? != 0 ] ; then\n    # print error to STDERR\n    echo \"error: The sandbox is not in sync with the Podfile.lock. Run 'pod install' or update your CocoaPods installation.\" >&2\n    exit 1\nfi\n";
			showEnvVarsInLog = 0;
		};
		B5A80AC4980E2CFE9DF7CF93 /* [CP] Copy Pods Resources */ = {
			isa = PBXShellScriptBuildPhase;
			buildActionMask = 2147483647;
			files = (
			);
			inputPaths = (
			);
			name = "[CP] Copy Pods Resources";
			outputPaths = (
			);
			runOnlyForDeploymentPostprocessing = 0;
			shellPath = /bin/sh;
			shellScript = "\"${SRCROOT}/Pods/Target Support Files/Pods-CareemMoviesTests/Pods-CareemMoviesTests-resources.sh\"\n";
			showEnvVarsInLog = 0;
		};
		DF093567872EFC88CAB030A5 /* [CP] Embed Pods Frameworks */ = {
			isa = PBXShellScriptBuildPhase;
			buildActionMask = 2147483647;
			files = (
			);
			inputPaths = (
			);
			name = "[CP] Embed Pods Frameworks";
			outputPaths = (
			);
			runOnlyForDeploymentPostprocessing = 0;
			shellPath = /bin/sh;
			shellScript = "\"${SRCROOT}/Pods/Target Support Files/Pods-CareemMovies/Pods-CareemMovies-frameworks.sh\"\n";
			showEnvVarsInLog = 0;
		};
/* End PBXShellScriptBuildPhase section */

/* Begin PBXSourcesBuildPhase section */
		48B1C9502036C4B800FC0D25 /* Sources */ = {
			isa = PBXSourcesBuildPhase;
			buildActionMask = 2147483647;
			files = (
				48B1C95A2036C4B800FC0D25 /* ViewController.swift in Sources */,
				48B1C9582036C4B800FC0D25 /* AppDelegate.swift in Sources */,
			);
			runOnlyForDeploymentPostprocessing = 0;
		};
		48B1C9642036C4B800FC0D25 /* Sources */ = {
			isa = PBXSourcesBuildPhase;
			buildActionMask = 2147483647;
			files = (
				48B1C96D2036C4B800FC0D25 /* CareemMoviesTests.swift in Sources */,
			);
			runOnlyForDeploymentPostprocessing = 0;
		};
/* End PBXSourcesBuildPhase section */

/* Begin PBXTargetDependency section */
		48B1C96A2036C4B800FC0D25 /* PBXTargetDependency */ = {
			isa = PBXTargetDependency;
			target = 48B1C9532036C4B800FC0D25 /* CareemMovies */;
			targetProxy = 48B1C9692036C4B800FC0D25 /* PBXContainerItemProxy */;
		};
/* End PBXTargetDependency section */

/* Begin PBXVariantGroup section */
		48B1C95B2036C4B800FC0D25 /* Main.storyboard */ = {
			isa = PBXVariantGroup;
			children = (
				48B1C95C2036C4B800FC0D25 /* Base */,
			);
			name = Main.storyboard;
			sourceTree = "<group>";
		};
		48B1C9602036C4B800FC0D25 /* LaunchScreen.storyboard */ = {
			isa = PBXVariantGroup;
			children = (
				48B1C9612036C4B800FC0D25 /* Base */,
			);
			name = LaunchScreen.storyboard;
			sourceTree = "<group>";
		};
/* End PBXVariantGroup section */

/* Begin XCBuildConfiguration section */
		48B1C96F2036C4B800FC0D25 /* Debug */ = {
			isa = XCBuildConfiguration;
			buildSettings = {
				ALWAYS_SEARCH_USER_PATHS = NO;
				CLANG_ANALYZER_NONNULL = YES;
				CLANG_ANALYZER_NUMBER_OBJECT_CONVERSION = YES_AGGRESSIVE;
				CLANG_CXX_LANGUAGE_STANDARD = "gnu++14";
				CLANG_CXX_LIBRARY = "libc++";
				CLANG_ENABLE_MODULES = YES;
				CLANG_ENABLE_OBJC_ARC = YES;
				CLANG_WARN_BLOCK_CAPTURE_AUTORELEASING = YES;
				CLANG_WARN_BOOL_CONVERSION = YES;
				CLANG_WARN_COMMA = YES;
				CLANG_WARN_CONSTANT_CONVERSION = YES;
				CLANG_WARN_DIRECT_OBJC_ISA_USAGE = YES_ERROR;
				CLANG_WARN_DOCUMENTATION_COMMENTS = YES;
				CLANG_WARN_EMPTY_BODY = YES;
				CLANG_WARN_ENUM_CONVERSION = YES;
				CLANG_WARN_INFINITE_RECURSION = YES;
				CLANG_WARN_INT_CONVERSION = YES;
				CLANG_WARN_NON_LITERAL_NULL_CONVERSION = YES;
				CLANG_WARN_OBJC_LITERAL_CONVERSION = YES;
				CLANG_WARN_OBJC_ROOT_CLASS = YES_ERROR;
				CLANG_WARN_RANGE_LOOP_ANALYSIS = YES;
				CLANG_WARN_STRICT_PROTOTYPES = YES;
				CLANG_WARN_SUSPICIOUS_MOVE = YES;
				CLANG_WARN_UNGUARDED_AVAILABILITY = YES_AGGRESSIVE;
				CLANG_WARN_UNREACHABLE_CODE = YES;
				CLANG_WARN__DUPLICATE_METHOD_MATCH = YES;
				CODE_SIGN_IDENTITY = "iPhone Developer";
				COPY_PHASE_STRIP = NO;
				DEBUG_INFORMATION_FORMAT = dwarf;
				ENABLE_STRICT_OBJC_MSGSEND = YES;
				ENABLE_TESTABILITY = YES;
				GCC_C_LANGUAGE_STANDARD = gnu11;
				GCC_DYNAMIC_NO_PIC = NO;
				GCC_NO_COMMON_BLOCKS = YES;
				GCC_OPTIMIZATION_LEVEL = 0;
				GCC_PREPROCESSOR_DEFINITIONS = (
					"DEBUG=1",
					"$(inherited)",
				);
				GCC_WARN_64_TO_32_BIT_CONVERSION = YES;
				GCC_WARN_ABOUT_RETURN_TYPE = YES_ERROR;
				GCC_WARN_UNDECLARED_SELECTOR = YES;
				GCC_WARN_UNINITIALIZED_AUTOS = YES_AGGRESSIVE;
				GCC_WARN_UNUSED_FUNCTION = YES;
				GCC_WARN_UNUSED_VARIABLE = YES;
				IPHONEOS_DEPLOYMENT_TARGET = 11.1;
				MTL_ENABLE_DEBUG_INFO = YES;
				ONLY_ACTIVE_ARCH = YES;
				SDKROOT = iphoneos;
				SWIFT_ACTIVE_COMPILATION_CONDITIONS = DEBUG;
				SWIFT_OPTIMIZATION_LEVEL = "-Onone";
			};
			name = Debug;
		};
		48B1C9702036C4B800FC0D25 /* Release */ = {
			isa = XCBuildConfiguration;
			buildSettings = {
				ALWAYS_SEARCH_USER_PATHS = NO;
				CLANG_ANALYZER_NONNULL = YES;
				CLANG_ANALYZER_NUMBER_OBJECT_CONVERSION = YES_AGGRESSIVE;
				CLANG_CXX_LANGUAGE_STANDARD = "gnu++14";
				CLANG_CXX_LIBRARY = "libc++";
				CLANG_ENABLE_MODULES = YES;
				CLANG_ENABLE_OBJC_ARC = YES;
				CLANG_WARN_BLOCK_CAPTURE_AUTORELEASING = YES;
				CLANG_WARN_BOOL_CONVERSION = YES;
				CLANG_WARN_COMMA = YES;
				CLANG_WARN_CONSTANT_CONVERSION = YES;
				CLANG_WARN_DIRECT_OBJC_ISA_USAGE = YES_ERROR;
				CLANG_WARN_DOCUMENTATION_COMMENTS = YES;
				CLANG_WARN_EMPTY_BODY = YES;
				CLANG_WARN_ENUM_CONVERSION = YES;
				CLANG_WARN_INFINITE_RECURSION = YES;
				CLANG_WARN_INT_CONVERSION = YES;
				CLANG_WARN_NON_LITERAL_NULL_CONVERSION = YES;
				CLANG_WARN_OBJC_LITERAL_CONVERSION = YES;
				CLANG_WARN_OBJC_ROOT_CLASS = YES_ERROR;
				CLANG_WARN_RANGE_LOOP_ANALYSIS = YES;
				CLANG_WARN_STRICT_PROTOTYPES = YES;
				CLANG_WARN_SUSPICIOUS_MOVE = YES;
				CLANG_WARN_UNGUARDED_AVAILABILITY = YES_AGGRESSIVE;
				CLANG_WARN_UNREACHABLE_CODE = YES;
				CLANG_WARN__DUPLICATE_METHOD_MATCH = YES;
				CODE_SIGN_IDENTITY = "iPhone Developer";
				COPY_PHASE_STRIP = NO;
				DEBUG_INFORMATION_FORMAT = "dwarf-with-dsym";
				ENABLE_NS_ASSERTIONS = NO;
				ENABLE_STRICT_OBJC_MSGSEND = YES;
				GCC_C_LANGUAGE_STANDARD = gnu11;
				GCC_NO_COMMON_BLOCKS = YES;
				GCC_WARN_64_TO_32_BIT_CONVERSION = YES;
				GCC_WARN_ABOUT_RETURN_TYPE = YES_ERROR;
				GCC_WARN_UNDECLARED_SELECTOR = YES;
				GCC_WARN_UNINITIALIZED_AUTOS = YES_AGGRESSIVE;
				GCC_WARN_UNUSED_FUNCTION = YES;
				GCC_WARN_UNUSED_VARIABLE = YES;
				IPHONEOS_DEPLOYMENT_TARGET = 11.1;
				MTL_ENABLE_DEBUG_INFO = NO;
				SDKROOT = iphoneos;
				SWIFT_OPTIMIZATION_LEVEL = "-Owholemodule";
				VALIDATE_PRODUCT = YES;
			};
			name = Release;
		};
		48B1C9722036C4B800FC0D25 /* Debug */ = {
			isa = XCBuildConfiguration;
			baseConfigurationReference = 43EC31722A56AE5B4455065E /* Pods-CareemMovies.debug.xcconfig */;
			buildSettings = {
				ASSETCATALOG_COMPILER_APPICON_NAME = AppIcon;
				CODE_SIGN_STYLE = Automatic;
				INFOPLIST_FILE = CareemMovies/Info.plist;
				LD_RUNPATH_SEARCH_PATHS = "$(inherited) @executable_path/Frameworks";
				PRODUCT_BUNDLE_IDENTIFIER = com.barmotska.siarhei.CareemMovies;
				PRODUCT_NAME = "$(TARGET_NAME)";
				SWIFT_VERSION = 4.0;
				TARGETED_DEVICE_FAMILY = "1,2";
			};
			name = Debug;
		};
		48B1C9732036C4B800FC0D25 /* Release */ = {
			isa = XCBuildConfiguration;
			baseConfigurationReference = 54B2758E8DCD690F2FDC0173 /* Pods-CareemMovies.release.xcconfig */;
			buildSettings = {
				ASSETCATALOG_COMPILER_APPICON_NAME = AppIcon;
				CODE_SIGN_STYLE = Automatic;
				INFOPLIST_FILE = CareemMovies/Info.plist;
				LD_RUNPATH_SEARCH_PATHS = "$(inherited) @executable_path/Frameworks";
				PRODUCT_BUNDLE_IDENTIFIER = com.barmotska.siarhei.CareemMovies;
				PRODUCT_NAME = "$(TARGET_NAME)";
				SWIFT_VERSION = 4.0;
				TARGETED_DEVICE_FAMILY = "1,2";
			};
			name = Release;
		};
		48B1C9752036C4B800FC0D25 /* Debug */ = {
			isa = XCBuildConfiguration;
			baseConfigurationReference = 8E6A66BEB1EDBD2C6BAAABCA /* Pods-CareemMoviesTests.debug.xcconfig */;
			buildSettings = {
				ALWAYS_EMBED_SWIFT_STANDARD_LIBRARIES = YES;
				BUNDLE_LOADER = "$(TEST_HOST)";
				CODE_SIGN_STYLE = Automatic;
				INFOPLIST_FILE = CareemMoviesTests/Info.plist;
				LD_RUNPATH_SEARCH_PATHS = "$(inherited) @executable_path/Frameworks @loader_path/Frameworks";
				PRODUCT_BUNDLE_IDENTIFIER = com.barmotska.siarhei.CareemMoviesTests;
				PRODUCT_NAME = "$(TARGET_NAME)";
				SWIFT_VERSION = 4.0;
				TARGETED_DEVICE_FAMILY = "1,2";
				TEST_HOST = "$(BUILT_PRODUCTS_DIR)/CareemMovies.app/CareemMovies";
			};
			name = Debug;
		};
		48B1C9762036C4B800FC0D25 /* Release */ = {
			isa = XCBuildConfiguration;
			baseConfigurationReference = D72EC16D98ACBBF3B2BD3DBC /* Pods-CareemMoviesTests.release.xcconfig */;
			buildSettings = {
				ALWAYS_EMBED_SWIFT_STANDARD_LIBRARIES = YES;
				BUNDLE_LOADER = "$(TEST_HOST)";
				CODE_SIGN_STYLE = Automatic;
				INFOPLIST_FILE = CareemMoviesTests/Info.plist;
				LD_RUNPATH_SEARCH_PATHS = "$(inherited) @executable_path/Frameworks @loader_path/Frameworks";
				PRODUCT_BUNDLE_IDENTIFIER = com.barmotska.siarhei.CareemMoviesTests;
				PRODUCT_NAME = "$(TARGET_NAME)";
				SWIFT_VERSION = 4.0;
				TARGETED_DEVICE_FAMILY = "1,2";
				TEST_HOST = "$(BUILT_PRODUCTS_DIR)/CareemMovies.app/CareemMovies";
			};
			name = Release;
		};
/* End XCBuildConfiguration section */

/* Begin XCConfigurationList section */
		48B1C94F2036C4B800FC0D25 /* Build configuration list for PBXProject "CareemMovies" */ = {
			isa = XCConfigurationList;
			buildConfigurations = (
				48B1C96F2036C4B800FC0D25 /* Debug */,
				48B1C9702036C4B800FC0D25 /* Release */,
			);
			defaultConfigurationIsVisible = 0;
			defaultConfigurationName = Release;
		};
		48B1C9712036C4B800FC0D25 /* Build configuration list for PBXNativeTarget "CareemMovies" */ = {
			isa = XCConfigurationList;
			buildConfigurations = (
				48B1C9722036C4B800FC0D25 /* Debug */,
				48B1C9732036C4B800FC0D25 /* Release */,
			);
			defaultConfigurationIsVisible = 0;
			defaultConfigurationName = Release;
		};
		48B1C9742036C4B800FC0D25 /* Build configuration list for PBXNativeTarget "CareemMoviesTests" */ = {
			isa = XCConfigurationList;
			buildConfigurations = (
				48B1C9752036C4B800FC0D25 /* Debug */,
				48B1C9762036C4B800FC0D25 /* Release */,
			);
			defaultConfigurationIsVisible = 0;
			defaultConfigurationName = Release;
		};
/* End XCConfigurationList section */
	};
	rootObject = 48B1C94C2036C4B800FC0D25 /* Project object */;
}
